uuid: 15066fd4-64b5-4ce6-b31f-4e38dff53881
langcode: en
status: true
dependencies:
  module:
    - opigno_social
    - system
    - user
  theme:
    - aristotle
_core:
  default_config_hash: naaW5YNcuH9mQXG60Xz0bvY8mhJPyxTgqLgRSXocB8w
id: dashboard_opigno_user_connections_block
theme: aristotle
region: content
weight: -2
provider: null
plugin: opigno_user_connections_block
settings:
  id: opigno_user_connections_block
  label: 'Dashboard: Opigno User connections block'
  label_display: '0'
  provider: opigno_social
visibility:
  request_path:
    id: request_path
    negate: false
    context_mapping: {  }
    pages: '<front>'
  user_role:
    id: user_role
    negate: false
    context_mapping:
      user: '@user.current_user_context:current_user'
    roles:
      authenticated: authenticated
