uuid: 7916181b-5837-4f8f-a1fd-ff2bb4e49bba
langcode: en
status: true
dependencies:
  module:
    - opigno_dashboard
    - system
    - user
  theme:
    - aristotle
_core:
  default_config_hash: j3GR-4jsp55TBnjWFdQofPXM7OwM3btJIxhhRPUp-dg
id: dashboard_opigno_user_stats_block
theme: aristotle
region: content
weight: -12
provider: null
plugin: opigno_user_stats_block
settings:
  id: opigno_user_stats_block
  label: 'Dashboard: Opigno User statistics block'
  label_display: '0'
  provider: opigno_dashboard
visibility:
  request_path:
    id: request_path
    negate: false
    context_mapping: {  }
    pages: '<front>'
  user_role:
    id: user_role
    negate: false
    context_mapping:
      user: '@user.current_user_context:current_user'
    roles:
      authenticated: authenticated
