uuid: c7442708-3b1b-4a62-b89b-fa0a5fd740fc
langcode: en
status: true
dependencies:
  module:
    - opigno_social
    - system
    - user
  theme:
    - aristotle
_core:
  default_config_hash: 1DdHZr0V9fv_r6V3lRULA0MCuqg8J2nHt7Te6Ez0gA0
id: dashboard_opigno_social_wall_block
theme: aristotle
region: content
weight: -8
provider: null
plugin: opigno_social_wall_block
settings:
  id: opigno_social_wall_block
  label: 'Dashboard: Opigno social wall block'
  label_display: '0'
  provider: opigno_social
visibility:
  request_path:
    id: request_path
    negate: false
    context_mapping: {  }
    pages: '<front>'
  user_role:
    id: user_role
    negate: false
    context_mapping:
      user: '@user.current_user_context:current_user'
    roles:
      authenticated: authenticated
